
Microsoft Visual Studio Solution File, Format Version 12.00
# Visual Studio 15
VisualStudioVersion = 15.0.26730.16
MinimumVisualStudioVersion = 10.0.40219.1
Project("{FAE04EC0-301F-11D3-BF4B-00C04F79EFBC}") = "GrafoCSharpFO", "FactoryMethod\GrafoCSharpFO.csproj", "{0729CCA0-2AB9-486F-BEA0-C37FEB9DAF5A}"
EndProject
Global
	GlobalSection(SolutionConfigurationPlatforms) = preSolution
		Debug|Any CPU = Debug|Any CPU
		Release|Any CPU = Release|Any CPU
	EndGlobalSection
	GlobalSection(ProjectConfigurationPlatforms) = postSolution
		{0729CCA0-2AB9-486F-BEA0-C37FEB9DAF5A}.Debug|Any CPU.ActiveCfg = Debug|Any CPU
		{0729CCA0-2AB9-486F-BEA0-C37FEB9DAF5A}.Debug|Any CPU.Build.0 = Debug|Any CPU
		{0729CCA0-2AB9-486F-BEA0-C37FEB9DAF5A}.Release|Any CPU.ActiveCfg = Release|Any CPU
		{0729CCA0-2AB9-486F-BEA0-C37FEB9DAF5A}.Release|Any CPU.Build.0 = Release|Any CPU
	EndGlobalSection
	GlobalSection(SolutionProperties) = preSolution
		HideSolutionNode = FALSE
	EndGlobalSection
	GlobalSection(ExtensibilityGlobals) = postSolution
		SolutionGuid = {024B945B-5F11-4576-85B4-47ABF01C652B}
	EndGlobalSection
EndGlobal
